{
  "name": "mockServer",
  "version": "1.2.0",
  "lockfileVersion": 1,
  "requires": true,
  "dependencies": {
    "browserify": {
      "version": "13.3.0",
      "resolved": "https://registry.npmjs.org/browserify/-/browserify-13.3.0.tgz",
      "integrity": "sha1-tanJAgJD8McORnW+yCI7xifkFc4="
    },
    "del": {
      "version": "2.2.2",
      "resolved": "https://registry.npmjs.org/del/-/del-2.2.2.tgz",
      "integrity": "sha1-wSyYHQZ4RshLyvhiz/kw2Qf/0ag="
    },
    "glob": {
      "version": "7.1.2",
      "resolved": "https://registry.npmjs.org/glob/-/glob-7.1.2.tgz",
      "integrity": "sha512-MJTUg1kjuLeQCJ+ccE4Vpa6kKVXkPYJ2mOCQyUuKLcLQsdrMCpBPUi8qVE6+YuaJkozeA9NusTAw3hLr8Xe5EQ=="
    },
    "gulp": {
      "version": "github:gulpjs/gulp#38246c3f8b6dbb8d4ef657183e92d90c8299e22f",
      "from": "github:gulpjs/gulp#38246c3f8b6dbb8d4ef657183e92d90c8299e22f",
      "dependencies": {
        "gulp-cli": {
          "version": "1.3.0",
          "resolved": "https://registry.npmjs.org/gulp-cli/-/gulp-cli-1.3.0.tgz",
          "integrity": "sha1-pr+7i+NTQb4pCuRc0+QBBxIW7dQ="
        }
      }
    },
    "gulp-autoprefixer": {
      "version": "github:wenlonghuo/gulp-autoprefixer#a1515018376ffa24365f075471319589730805f6",
      "from": "github:wenlonghuo/gulp-autoprefixer#a1515018376ffa24365f075471319589730805f6"
    },
    "gulp-buffer": {
      "version": "0.0.2",
      "resolved": "https://registry.npmjs.org/gulp-buffer/-/gulp-buffer-0.0.2.tgz",
      "integrity": "sha1-r4G0NGEBc2tJlC7GyfqGf/5zcDY=",
      "dependencies": {
        "isarray": {
          "version": "0.0.1",
          "resolved": "https://registry.npmjs.org/isarray/-/isarray-0.0.1.tgz",
          "integrity": "sha1-ihis/Kmo9Bd+Cav8YDiTmwXR7t8="
        },
        "readable-stream": {
          "version": "1.0.34",
          "resolved": "https://registry.npmjs.org/readable-stream/-/readable-stream-1.0.34.tgz",
          "integrity": "sha1-Elgg40vIQtLyqq+v5MKRbuMsFXw="
        },
        "through2": {
          "version": "0.4.2",
          "resolved": "https://registry.npmjs.org/through2/-/through2-0.4.2.tgz",
          "integrity": "sha1-2/WGYDEVHsg1K7bE22SiKSqEC5s="
        },
        "xtend": {
          "version": "2.1.2",
          "resolved": "https://registry.npmjs.org/xtend/-/xtend-2.1.2.tgz",
          "integrity": "sha1-bv7MKk2tjmlixJAbM3znuoe10os="
        }
      }
    },
    "gulp-clean-css": {
      "version": "3.4.0",
      "resolved": "https://registry.npmjs.org/gulp-clean-css/-/gulp-clean-css-3.4.0.tgz",
      "integrity": "sha1-y0wcdGVFty98FQyN2Qam7nOf2E8="
    },
    "gulp-notify": {
      "version": "3.0.0",
      "resolved": "https://registry.npmjs.org/gulp-notify/-/gulp-notify-3.0.0.tgz",
      "integrity": "sha1-oEuK+azb5OY8hFZ4zgw9MGlMWaM=",
      "dependencies": {
        "lodash.template": {
          "version": "4.4.0",
          "resolved": "https://registry.npmjs.org/lodash.template/-/lodash.template-4.4.0.tgz",
          "integrity": "sha1-5zoDhcg1VZF0bgILmWecaQ5o+6A="
        },
        "lodash.templatesettings": {
          "version": "4.1.0",
          "resolved": "https://registry.npmjs.org/lodash.templatesettings/-/lodash.templatesettings-4.1.0.tgz",
          "integrity": "sha1-K01OlbpEDZFf8IvImeRVNmZxMxY="
        }
      }
    },
    "gulp-plumber": {
      "version": "1.1.0",
      "resolved": "https://registry.npmjs.org/gulp-plumber/-/gulp-plumber-1.1.0.tgz",
      "integrity": "sha1-8SF2wtBCL2AwbCQv/2oBo5T6ugk="
    },
    "gulp-rename": {
      "version": "1.2.2",
      "resolved": "https://registry.npmjs.org/gulp-rename/-/gulp-rename-1.2.2.tgz",
      "integrity": "sha1-OtRCh2PwXidk3sHGfYaNsnVoeBc="
    },
    "gulp-rev": {
      "version": "7.1.2",
      "resolved": "https://registry.npmjs.org/gulp-rev/-/gulp-rev-7.1.2.tgz",
      "integrity": "sha1-XhfMIp9rRcdCVviK0/LT6aMwWCk="
    },
    "gulp-rev-collector": {
      "version": "1.2.2",
      "resolved": "https://registry.npmjs.org/gulp-rev-collector/-/gulp-rev-collector-1.2.2.tgz",
      "integrity": "sha1-kNoa09IueIvKMfd5atKMHSjv0Ps="
    },
    "gulp-tap": {
      "version": "0.1.3",
      "resolved": "https://registry.npmjs.org/gulp-tap/-/gulp-tap-0.1.3.tgz",
      "integrity": "sha1-Eg3KKQHnb7hNXLStXzfK0BVjYeQ="
    },
    "gulp-util": {
      "version": "3.0.8",
      "resolved": "https://registry.npmjs.org/gulp-util/-/gulp-util-3.0.8.tgz",
      "integrity": "sha1-AFTh50RQLifATBh8PsxQXdVLu08=",
      "dependencies": {
        "object-assign": {
          "version": "3.0.0",
          "resolved": "https://registry.npmjs.org/object-assign/-/object-assign-3.0.0.tgz",
          "integrity": "sha1-m+3VygiXlJvKR+f/QIBi1Un1h/I="
        },
        "vinyl": {
          "version": "0.5.3",
          "resolved": "https://registry.npmjs.org/vinyl/-/vinyl-0.5.3.tgz",
          "integrity": "sha1-sEVbOPxeDPMNQyUTLkYZcMIJHN4="
        }
      }
    },
    "minimist": {
      "version": "1.2.3",
      "resolved": "https://registry.npmjs.org/minimist/-/minimist-1.2.3.tgz",
      "integrity": "sha512-+bMdgqjMN/Z77a6NlY/I3U5LlRDbnmaAk6lDveAPKwSpcPM4tKAuYsvYF8xjhOPXhOYGe/73vVLVez5PW+jqhw=="
    },
    "stream-combiner2": {
      "version": "1.1.1",
      "resolved": "https://registry.npmjs.org/stream-combiner2/-/stream-combiner2-1.1.1.tgz",
      "integrity": "sha1-+02KFCDqNidk4hrUeAOXvry0HL4="
    },
    "superagent": {
      "version": "3.5.2",
      "resolved": "https://registry.npmjs.org/superagent/-/superagent-3.5.2.tgz",
      "integrity": "sha1-M2GjlxVnUEw1EGOr6q4PqiPb8/g="
    },
    "vinyl-buffer": {
      "version": "1.0.0",
      "resolved": "https://registry.npmjs.org/vinyl-buffer/-/vinyl-buffer-1.0.0.tgz",
      "integrity": "sha1-ygZ+oIQx1QdyKx3lCD9gJhbrwjQ=",
      "dependencies": {
        "isarray": {
          "version": "0.0.1",
          "resolved": "https://registry.npmjs.org/isarray/-/isarray-0.0.1.tgz",
          "integrity": "sha1-ihis/Kmo9Bd+Cav8YDiTmwXR7t8="
        },
        "readable-stream": {
          "version": "1.0.34",
          "resolved": "https://registry.npmjs.org/readable-stream/-/readable-stream-1.0.34.tgz",
          "integrity": "sha1-Elgg40vIQtLyqq+v5MKRbuMsFXw="
        },
        "through2": {
          "version": "0.6.5",
          "resolved": "https://registry.npmjs.org/through2/-/through2-0.6.5.tgz",
          "integrity": "sha1-QaucZ7KdVyCQcUEOHXp6lozTrUg="
        }
      }
    },
    "vinyl-source-stream": {
      "version": "1.1.0",
      "resolved": "https://registry.npmjs.org/vinyl-source-stream/-/vinyl-source-stream-1.1.0.tgz",
      "integrity": "sha1-RMvlEIIFJ53rDFZTwJSiiHk4sas=",
      "dependencies": {
        "clone": {
          "version": "0.2.0",
          "resolved": "https://registry.npmjs.org/clone/-/clone-0.2.0.tgz",
          "integrity": "sha1-xhJqkK1Pctv1rNskPMN3JP6T/B8="
        },
        "isarray": {
          "version": "0.0.1",
          "resolved": "https://registry.npmjs.org/isarray/-/isarray-0.0.1.tgz",
          "integrity": "sha1-ihis/Kmo9Bd+Cav8YDiTmwXR7t8="
        },
        "readable-stream": {
          "version": "1.0.34",
          "resolved": "https://registry.npmjs.org/readable-stream/-/readable-stream-1.0.34.tgz",
          "integrity": "sha1-Elgg40vIQtLyqq+v5MKRbuMsFXw="
        },
        "through2": {
          "version": "0.6.5",
          "resolved": "https://registry.npmjs.org/through2/-/through2-0.6.5.tgz",
          "integrity": "sha1-QaucZ7KdVyCQcUEOHXp6lozTrUg="
        },
        "vinyl": {
          "version": "0.4.6",
          "resolved": "https://registry.npmjs.org/vinyl/-/vinyl-0.4.6.tgz",
          "integrity": "sha1-LzVsh6VQolVGHza76ypbqL94SEc="
        }
      }
    }
  }
}
